
Microsoft Visual Studio Solution File, Format Version 12.00
# Visual Studio 15
VisualStudioVersion = 15.0.26124.0
MinimumVisualStudioVersion = 15.0.26124.0
Project("{FAE04EC0-301F-11D3-BF4B-00C04F79EFBC}") = "Domain", "Domain\Domain.csproj", "{BD21D060-9CFC-4A93-AFC3-AB2C8AAB5010}"
EndProject
Project("{FAE04EC0-301F-11D3-BF4B-00C04F79EFBC}") = "Application", "Application\Application.csproj", "{4451E019-370A-46C1-98A7-9385CD2B2FB5}"
EndProject
Project("{FAE04EC0-301F-11D3-BF4B-00C04F79EFBC}") = "Persistence", "Persistence\Persistence.csproj", "{7B8C654F-4F74-4B4F-B65F-B9FCD79DCE3D}"
EndProject
Project("{FAE04EC0-301F-11D3-BF4B-00C04F79EFBC}") = "API", "API\API.csproj", "{D6D8C83B-31D0-464F-85FF-C1457380FCAE}"
EndProject
Global
	GlobalSection(SolutionConfigurationPlatforms) = preSolution
		Debug|Any CPU = Debug|Any CPU
		Debug|x64 = Debug|x64
		Debug|x86 = Debug|x86
		Release|Any CPU = Release|Any CPU
		Release|x64 = Release|x64
		Release|x86 = Release|x86
	EndGlobalSection
	GlobalSection(SolutionProperties) = preSolution
		HideSolutionNode = FALSE
	EndGlobalSection
	GlobalSection(ProjectConfigurationPlatforms) = postSolution
		{BD21D060-9CFC-4A93-AFC3-AB2C8AAB5010}.Debug|Any CPU.ActiveCfg = Debug|Any CPU
		{BD21D060-9CFC-4A93-AFC3-AB2C8AAB5010}.Debug|Any CPU.Build.0 = Debug|Any CPU
		{BD21D060-9CFC-4A93-AFC3-AB2C8AAB5010}.Debug|x64.ActiveCfg = Debug|Any CPU
		{BD21D060-9CFC-4A93-AFC3-AB2C8AAB5010}.Debug|x64.Build.0 = Debug|Any CPU
		{BD21D060-9CFC-4A93-AFC3-AB2C8AAB5010}.Debug|x86.ActiveCfg = Debug|Any CPU
		{BD21D060-9CFC-4A93-AFC3-AB2C8AAB5010}.Debug|x86.Build.0 = Debug|Any CPU
		{BD21D060-9CFC-4A93-AFC3-AB2C8AAB5010}.Release|Any CPU.ActiveCfg = Release|Any CPU
		{BD21D060-9CFC-4A93-AFC3-AB2C8AAB5010}.Release|Any CPU.Build.0 = Release|Any CPU
		{BD21D060-9CFC-4A93-AFC3-AB2C8AAB5010}.Release|x64.ActiveCfg = Release|Any CPU
		{BD21D060-9CFC-4A93-AFC3-AB2C8AAB5010}.Release|x64.Build.0 = Release|Any CPU
		{BD21D060-9CFC-4A93-AFC3-AB2C8AAB5010}.Release|x86.ActiveCfg = Release|Any CPU
		{BD21D060-9CFC-4A93-AFC3-AB2C8AAB5010}.Release|x86.Build.0 = Release|Any CPU
		{4451E019-370A-46C1-98A7-9385CD2B2FB5}.Debug|Any CPU.ActiveCfg = Debug|Any CPU
		{4451E019-370A-46C1-98A7-9385CD2B2FB5}.Debug|Any CPU.Build.0 = Debug|Any CPU
		{4451E019-370A-46C1-98A7-9385CD2B2FB5}.Debug|x64.ActiveCfg = Debug|Any CPU
		{4451E019-370A-46C1-98A7-9385CD2B2FB5}.Debug|x64.Build.0 = Debug|Any CPU
		{4451E019-370A-46C1-98A7-9385CD2B2FB5}.Debug|x86.ActiveCfg = Debug|Any CPU
		{4451E019-370A-46C1-98A7-9385CD2B2FB5}.Debug|x86.Build.0 = Debug|Any CPU
		{4451E019-370A-46C1-98A7-9385CD2B2FB5}.Release|Any CPU.ActiveCfg = Release|Any CPU
		{4451E019-370A-46C1-98A7-9385CD2B2FB5}.Release|Any CPU.Build.0 = Release|Any CPU
		{4451E019-370A-46C1-98A7-9385CD2B2FB5}.Release|x64.ActiveCfg = Release|Any CPU
		{4451E019-370A-46C1-98A7-9385CD2B2FB5}.Release|x64.Build.0 = Release|Any CPU
		{4451E019-370A-46C1-98A7-9385CD2B2FB5}.Release|x86.ActiveCfg = Release|Any CPU
		{4451E019-370A-46C1-98A7-9385CD2B2FB5}.Release|x86.Build.0 = Release|Any CPU
		{7B8C654F-4F74-4B4F-B65F-B9FCD79DCE3D}.Debug|Any CPU.ActiveCfg = Debug|Any CPU
		{7B8C654F-4F74-4B4F-B65F-B9FCD79DCE3D}.Debug|Any CPU.Build.0 = Debug|Any CPU
		{7B8C654F-4F74-4B4F-B65F-B9FCD79DCE3D}.Debug|x64.ActiveCfg = Debug|Any CPU
		{7B8C654F-4F74-4B4F-B65F-B9FCD79DCE3D}.Debug|x64.Build.0 = Debug|Any CPU
		{7B8C654F-4F74-4B4F-B65F-B9FCD79DCE3D}.Debug|x86.ActiveCfg = Debug|Any CPU
		{7B8C654F-4F74-4B4F-B65F-B9FCD79DCE3D}.Debug|x86.Build.0 = Debug|Any CPU
		{7B8C654F-4F74-4B4F-B65F-B9FCD79DCE3D}.Release|Any CPU.ActiveCfg = Release|Any CPU
		{7B8C654F-4F74-4B4F-B65F-B9FCD79DCE3D}.Release|Any CPU.Build.0 = Release|Any CPU
		{7B8C654F-4F74-4B4F-B65F-B9FCD79DCE3D}.Release|x64.ActiveCfg = Release|Any CPU
		{7B8C654F-4F74-4B4F-B65F-B9FCD79DCE3D}.Release|x64.Build.0 = Release|Any CPU
		{7B8C654F-4F74-4B4F-B65F-B9FCD79DCE3D}.Release|x86.ActiveCfg = Release|Any CPU
		{7B8C654F-4F74-4B4F-B65F-B9FCD79DCE3D}.Release|x86.Build.0 = Release|Any CPU
		{D6D8C83B-31D0-464F-85FF-C1457380FCAE}.Debug|Any CPU.ActiveCfg = Debug|Any CPU
		{D6D8C83B-31D0-464F-85FF-C1457380FCAE}.Debug|Any CPU.Build.0 = Debug|Any CPU
		{D6D8C83B-31D0-464F-85FF-C1457380FCAE}.Debug|x64.ActiveCfg = Debug|Any CPU
		{D6D8C83B-31D0-464F-85FF-C1457380FCAE}.Debug|x64.Build.0 = Debug|Any CPU
		{D6D8C83B-31D0-464F-85FF-C1457380FCAE}.Debug|x86.ActiveCfg = Debug|Any CPU
		{D6D8C83B-31D0-464F-85FF-C1457380FCAE}.Debug|x86.Build.0 = Debug|Any CPU
		{D6D8C83B-31D0-464F-85FF-C1457380FCAE}.Release|Any CPU.ActiveCfg = Release|Any CPU
		{D6D8C83B-31D0-464F-85FF-C1457380FCAE}.Release|Any CPU.Build.0 = Release|Any CPU
		{D6D8C83B-31D0-464F-85FF-C1457380FCAE}.Release|x64.ActiveCfg = Release|Any CPU
		{D6D8C83B-31D0-464F-85FF-C1457380FCAE}.Release|x64.Build.0 = Release|Any CPU
		{D6D8C83B-31D0-464F-85FF-C1457380FCAE}.Release|x86.ActiveCfg = Release|Any CPU
		{D6D8C83B-31D0-464F-85FF-C1457380FCAE}.Release|x86.Build.0 = Release|Any CPU
	EndGlobalSection
EndGlobal
